
Microsoft Visual Studio Solution File, Format Version 12.00
# Visual Studio Version 17
VisualStudioVersion = 17.1.32407.343
MinimumVisualStudioVersion = 10.0.40219.1
Project("{9A19103F-16F7-4668-BE54-9A1E7A4F7556}") = "Pdsr.Cache.NoCache", "src\Pdsr.Cache.NoCache\Pdsr.Cache.NoCache.csproj", "{53F9A6F2-BC31-49E3-8429-DB1EF5F05052}"
EndProject
Project("{9A19103F-16F7-4668-BE54-9A1E7A4F7556}") = "Pdsr.Cache.Redis", "src\Pdsr.Cache.Redis\Pdsr.Cache.Redis.csproj", "{93A27A14-E730-4716-AAC0-DBAC271B3631}"
EndProject
Project("{9A19103F-16F7-4668-BE54-9A1E7A4F7556}") = "Pdsr.Cache.SqlServer", "src\Pdsr.Cache.SqlServer\Pdsr.Cache.SqlServer.csproj", "{DD22C086-770F-40A0-A445-9903A67A11ED}"
EndProject
Project("{9A19103F-16F7-4668-BE54-9A1E7A4F7556}") = "Pdsr.Cache.InMemory", "src\Pdsr.Cache.InMemory\Pdsr.Cache.InMemory.csproj", "{5BAC0434-2DEF-494E-B43F-C220BBA807AC}"
EndProject
Project("{9A19103F-16F7-4668-BE54-9A1E7A4F7556}") = "Pdsr.Cache", "src\Pdsr.Cache\Pdsr.Cache.csproj", "{6A8243AE-520A-48C1-97BA-CD81D30F268C}"
EndProject
Project("{2150E333-8FDC-42A3-9474-1A3956D46DE8}") = "Solution Items", "Solution Items", "{0EF60823-42C3-41A1-B0A0-AE6CE7297606}"
	ProjectSection(SolutionItems) = preProject
		src\Directory.Build.props = src\Directory.Build.props
	EndProjectSection
EndProject
Project("{2150E333-8FDC-42A3-9474-1A3956D46DE8}") = "tests", "tests", "{0AB3BF05-4346-4AA6-1389-037BE0695223}"
EndProject
Project("{FAE04EC0-301F-11D3-BF4B-00C04F79EFBC}") = "Pdsr.Cache.InMemory.Tests", "tests\Pdsr.Cache.InMemory.Tests\Pdsr.Cache.InMemory.Tests.csproj", "{D9A8D79C-D8F9-4A96-BB90-C742D2C3D874}"
EndProject
Project("{FAE04EC0-301F-11D3-BF4B-00C04F79EFBC}") = "Pdsr.Cache.NoCache.Tests", "tests\Pdsr.Cache.NoCache.Tests\Pdsr.Cache.NoCache.Tests.csproj", "{6E575198-8071-498D-A49F-D610B855CDA6}"
EndProject
Project("{FAE04EC0-301F-11D3-BF4B-00C04F79EFBC}") = "Pdsr.Cache.Redis.Tests", "tests\Pdsr.Cache.Redis.Tests\Pdsr.Cache.Redis.Tests.csproj", "{5E10B395-CECA-4948-9B37-9CC84F275FBF}"
EndProject
Project("{FAE04EC0-301F-11D3-BF4B-00C04F79EFBC}") = "Pdsr.Cache.SqlServer.Tests", "tests\Pdsr.Cache.SqlServer.Tests\Pdsr.Cache.SqlServer.Tests.csproj", "{130AEA78-635E-46D4-B2A1-B5377C8E9B71}"
EndProject
Project("{FAE04EC0-301F-11D3-BF4B-00C04F79EFBC}") = "Pdsr.Cache.Tests", "tests\Pdsr.Cache.Tests\Pdsr.Cache.Tests.csproj", "{EAA70976-AEC3-45C3-98FF-6F36AB1AA0A2}"
EndProject
Global
	GlobalSection(SolutionConfigurationPlatforms) = preSolution
		Debug|Any CPU = Debug|Any CPU
		Debug|x64 = Debug|x64
		Debug|x86 = Debug|x86
		Release|Any CPU = Release|Any CPU
		Release|x64 = Release|x64
		Release|x86 = Release|x86
	EndGlobalSection
	GlobalSection(ProjectConfigurationPlatforms) = postSolution
		{53F9A6F2-BC31-49E3-8429-DB1EF5F05052}.Debug|Any CPU.ActiveCfg = Debug|Any CPU
		{53F9A6F2-BC31-49E3-8429-DB1EF5F05052}.Debug|Any CPU.Build.0 = Debug|Any CPU
		{53F9A6F2-BC31-49E3-8429-DB1EF5F05052}.Debug|x64.ActiveCfg = Debug|Any CPU
		{53F9A6F2-BC31-49E3-8429-DB1EF5F05052}.Debug|x64.Build.0 = Debug|Any CPU
		{53F9A6F2-BC31-49E3-8429-DB1EF5F05052}.Debug|x86.ActiveCfg = Debug|Any CPU
		{53F9A6F2-BC31-49E3-8429-DB1EF5F05052}.Debug|x86.Build.0 = Debug|Any CPU
		{53F9A6F2-BC31-49E3-8429-DB1EF5F05052}.Release|Any CPU.ActiveCfg = Release|Any CPU
		{53F9A6F2-BC31-49E3-8429-DB1EF5F05052}.Release|Any CPU.Build.0 = Release|Any CPU
		{53F9A6F2-BC31-49E3-8429-DB1EF5F05052}.Release|x64.ActiveCfg = Release|Any CPU
		{53F9A6F2-BC31-49E3-8429-DB1EF5F05052}.Release|x64.Build.0 = Release|Any CPU
		{53F9A6F2-BC31-49E3-8429-DB1EF5F05052}.Release|x86.ActiveCfg = Release|Any CPU
		{53F9A6F2-BC31-49E3-8429-DB1EF5F05052}.Release|x86.Build.0 = Release|Any CPU
		{93A27A14-E730-4716-AAC0-DBAC271B3631}.Debug|Any CPU.ActiveCfg = Debug|Any CPU
		{93A27A14-E730-4716-AAC0-DBAC271B3631}.Debug|Any CPU.Build.0 = Debug|Any CPU
		{93A27A14-E730-4716-AAC0-DBAC271B3631}.Debug|x64.ActiveCfg = Debug|Any CPU
		{93A27A14-E730-4716-AAC0-DBAC271B3631}.Debug|x64.Build.0 = Debug|Any CPU
		{93A27A14-E730-4716-AAC0-DBAC271B3631}.Debug|x86.ActiveCfg = Debug|Any CPU
		{93A27A14-E730-4716-AAC0-DBAC271B3631}.Debug|x86.Build.0 = Debug|Any CPU
		{93A27A14-E730-4716-AAC0-DBAC271B3631}.Release|Any CPU.ActiveCfg = Release|Any CPU
		{93A27A14-E730-4716-AAC0-DBAC271B3631}.Release|Any CPU.Build.0 = Release|Any CPU
		{93A27A14-E730-4716-AAC0-DBAC271B3631}.Release|x64.ActiveCfg = Release|Any CPU
		{93A27A14-E730-4716-AAC0-DBAC271B3631}.Release|x64.Build.0 = Release|Any CPU
		{93A27A14-E730-4716-AAC0-DBAC271B3631}.Release|x86.ActiveCfg = Release|Any CPU
		{93A27A14-E730-4716-AAC0-DBAC271B3631}.Release|x86.Build.0 = Release|Any CPU
		{DD22C086-770F-40A0-A445-9903A67A11ED}.Debug|Any CPU.ActiveCfg = Debug|Any CPU
		{DD22C086-770F-40A0-A445-9903A67A11ED}.Debug|Any CPU.Build.0 = Debug|Any CPU
		{DD22C086-770F-40A0-A445-9903A67A11ED}.Debug|x64.ActiveCfg = Debug|Any CPU
		{DD22C086-770F-40A0-A445-9903A67A11ED}.Debug|x64.Build.0 = Debug|Any CPU
		{DD22C086-770F-40A0-A445-9903A67A11ED}.Debug|x86.ActiveCfg = Debug|Any CPU
		{DD22C086-770F-40A0-A445-9903A67A11ED}.Debug|x86.Build.0 = Debug|Any CPU
		{DD22C086-770F-40A0-A445-9903A67A11ED}.Release|Any CPU.ActiveCfg = Release|Any CPU
		{DD22C086-770F-40A0-A445-9903A67A11ED}.Release|Any CPU.Build.0 = Release|Any CPU
		{DD22C086-770F-40A0-A445-9903A67A11ED}.Release|x64.ActiveCfg = Release|Any CPU
		{DD22C086-770F-40A0-A445-9903A67A11ED}.Release|x64.Build.0 = Release|Any CPU
		{DD22C086-770F-40A0-A445-9903A67A11ED}.Release|x86.ActiveCfg = Release|Any CPU
		{DD22C086-770F-40A0-A445-9903A67A11ED}.Release|x86.Build.0 = Release|Any CPU
		{5BAC0434-2DEF-494E-B43F-C220BBA807AC}.Debug|Any CPU.ActiveCfg = Debug|Any CPU
		{5BAC0434-2DEF-494E-B43F-C220BBA807AC}.Debug|Any CPU.Build.0 = Debug|Any CPU
		{5BAC0434-2DEF-494E-B43F-C220BBA807AC}.Debug|x64.ActiveCfg = Debug|Any CPU
		{5BAC0434-2DEF-494E-B43F-C220BBA807AC}.Debug|x64.Build.0 = Debug|Any CPU
		{5BAC0434-2DEF-494E-B43F-C220BBA807AC}.Debug|x86.ActiveCfg = Debug|Any CPU
		{5BAC0434-2DEF-494E-B43F-C220BBA807AC}.Debug|x86.Build.0 = Debug|Any CPU
		{5BAC0434-2DEF-494E-B43F-C220BBA807AC}.Release|Any CPU.ActiveCfg = Release|Any CPU
		{5BAC0434-2DEF-494E-B43F-C220BBA807AC}.Release|Any CPU.Build.0 = Release|Any CPU
		{5BAC0434-2DEF-494E-B43F-C220BBA807AC}.Release|x64.ActiveCfg = Release|Any CPU
		{5BAC0434-2DEF-494E-B43F-C220BBA807AC}.Release|x64.Build.0 = Release|Any CPU
		{5BAC0434-2DEF-494E-B43F-C220BBA807AC}.Release|x86.ActiveCfg = Release|Any CPU
		{5BAC0434-2DEF-494E-B43F-C220BBA807AC}.Release|x86.Build.0 = Release|Any CPU
		{6A8243AE-520A-48C1-97BA-CD81D30F268C}.Debug|Any CPU.ActiveCfg = Debug|Any CPU
		{6A8243AE-520A-48C1-97BA-CD81D30F268C}.Debug|Any CPU.Build.0 = Debug|Any CPU
		{6A8243AE-520A-48C1-97BA-CD81D30F268C}.Debug|x64.ActiveCfg = Debug|Any CPU
		{6A8243AE-520A-48C1-97BA-CD81D30F268C}.Debug|x64.Build.0 = Debug|Any CPU
		{6A8243AE-520A-48C1-97BA-CD81D30F268C}.Debug|x86.ActiveCfg = Debug|Any CPU
		{6A8243AE-520A-48C1-97BA-CD81D30F268C}.Debug|x86.Build.0 = Debug|Any CPU
		{6A8243AE-520A-48C1-97BA-CD81D30F268C}.Release|Any CPU.ActiveCfg = Release|Any CPU
		{6A8243AE-520A-48C1-97BA-CD81D30F268C}.Release|Any CPU.Build.0 = Release|Any CPU
		{6A8243AE-520A-48C1-97BA-CD81D30F268C}.Release|x64.ActiveCfg = Release|Any CPU
		{6A8243AE-520A-48C1-97BA-CD81D30F268C}.Release|x64.Build.0 = Release|Any CPU
		{6A8243AE-520A-48C1-97BA-CD81D30F268C}.Release|x86.ActiveCfg = Release|Any CPU
		{6A8243AE-520A-48C1-97BA-CD81D30F268C}.Release|x86.Build.0 = Release|Any CPU
		{D9A8D79C-D8F9-4A96-BB90-C742D2C3D874}.Debug|Any CPU.ActiveCfg = Debug|Any CPU
		{D9A8D79C-D8F9-4A96-BB90-C742D2C3D874}.Debug|Any CPU.Build.0 = Debug|Any CPU
		{D9A8D79C-D8F9-4A96-BB90-C742D2C3D874}.Debug|x64.ActiveCfg = Debug|Any CPU
		{D9A8D79C-D8F9-4A96-BB90-C742D2C3D874}.Debug|x64.Build.0 = Debug|Any CPU
		{D9A8D79C-D8F9-4A96-BB90-C742D2C3D874}.Debug|x86.ActiveCfg = Debug|Any CPU
		{D9A8D79C-D8F9-4A96-BB90-C742D2C3D874}.Debug|x86.Build.0 = Debug|Any CPU
		{D9A8D79C-D8F9-4A96-BB90-C742D2C3D874}.Release|Any CPU.ActiveCfg = Release|Any CPU
		{D9A8D79C-D8F9-4A96-BB90-C742D2C3D874}.Release|Any CPU.Build.0 = Release|Any CPU
		{D9A8D79C-D8F9-4A96-BB90-C742D2C3D874}.Release|x64.ActiveCfg = Release|Any CPU
		{D9A8D79C-D8F9-4A96-BB90-C742D2C3D874}.Release|x64.Build.0 = Release|Any CPU
		{D9A8D79C-D8F9-4A96-BB90-C742D2C3D874}.Release|x86.ActiveCfg = Release|Any CPU
		{D9A8D79C-D8F9-4A96-BB90-C742D2C3D874}.Release|x86.Build.0 = Release|Any CPU
		{6E575198-8071-498D-A49F-D610B855CDA6}.Debug|Any CPU.ActiveCfg = Debug|Any CPU
		{6E575198-8071-498D-A49F-D610B855CDA6}.Debug|Any CPU.Build.0 = Debug|Any CPU
		{6E575198-8071-498D-A49F-D610B855CDA6}.Debug|x64.ActiveCfg = Debug|Any CPU
		{6E575198-8071-498D-A49F-D610B855CDA6}.Debug|x64.Build.0 = Debug|Any CPU
		{6E575198-8071-498D-A49F-D610B855CDA6}.Debug|x86.ActiveCfg = Debug|Any CPU
		{6E575198-8071-498D-A49F-D610B855CDA6}.Debug|x86.Build.0 = Debug|Any CPU
		{6E575198-8071-498D-A49F-D610B855CDA6}.Release|Any CPU.ActiveCfg = Release|Any CPU
		{6E575198-8071-498D-A49F-D610B855CDA6}.Release|Any CPU.Build.0 = Release|Any CPU
		{6E575198-8071-498D-A49F-D610B855CDA6}.Release|x64.ActiveCfg = Release|Any CPU
		{6E575198-8071-498D-A49F-D610B855CDA6}.Release|x64.Build.0 = Release|Any CPU
		{6E575198-8071-498D-A49F-D610B855CDA6}.Release|x86.ActiveCfg = Release|Any CPU
		{6E575198-8071-498D-A49F-D610B855CDA6}.Release|x86.Build.0 = Release|Any CPU
		{5E10B395-CECA-4948-9B37-9CC84F275FBF}.Debug|Any CPU.ActiveCfg = Debug|Any CPU
		{5E10B395-CECA-4948-9B37-9CC84F275FBF}.Debug|Any CPU.Build.0 = Debug|Any CPU
		{5E10B395-CECA-4948-9B37-9CC84F275FBF}.Debug|x64.ActiveCfg = Debug|Any CPU
		{5E10B395-CECA-4948-9B37-9CC84F275FBF}.Debug|x64.Build.0 = Debug|Any CPU
		{5E10B395-CECA-4948-9B37-9CC84F275FBF}.Debug|x86.ActiveCfg = Debug|Any CPU
		{5E10B395-CECA-4948-9B37-9CC84F275FBF}.Debug|x86.Build.0 = Debug|Any CPU
		{5E10B395-CECA-4948-9B37-9CC84F275FBF}.Release|Any CPU.ActiveCfg = Release|Any CPU
		{5E10B395-CECA-4948-9B37-9CC84F275FBF}.Release|Any CPU.Build.0 = Release|Any CPU
		{5E10B395-CECA-4948-9B37-9CC84F275FBF}.Release|x64.ActiveCfg = Release|Any CPU
		{5E10B395-CECA-4948-9B37-9CC84F275FBF}.Release|x64.Build.0 = Release|Any CPU
		{5E10B395-CECA-4948-9B37-9CC84F275FBF}.Release|x86.ActiveCfg = Release|Any CPU
		{5E10B395-CECA-4948-9B37-9CC84F275FBF}.Release|x86.Build.0 = Release|Any CPU
		{130AEA78-635E-46D4-B2A1-B5377C8E9B71}.Debug|Any CPU.ActiveCfg = Debug|Any CPU
		{130AEA78-635E-46D4-B2A1-B5377C8E9B71}.Debug|Any CPU.Build.0 = Debug|Any CPU
		{130AEA78-635E-46D4-B2A1-B5377C8E9B71}.Debug|x64.ActiveCfg = Debug|Any CPU
		{130AEA78-635E-46D4-B2A1-B5377C8E9B71}.Debug|x64.Build.0 = Debug|Any CPU
		{130AEA78-635E-46D4-B2A1-B5377C8E9B71}.Debug|x86.ActiveCfg = Debug|Any CPU
		{130AEA78-635E-46D4-B2A1-B5377C8E9B71}.Debug|x86.Build.0 = Debug|Any CPU
		{130AEA78-635E-46D4-B2A1-B5377C8E9B71}.Release|Any CPU.ActiveCfg = Release|Any CPU
		{130AEA78-635E-46D4-B2A1-B5377C8E9B71}.Release|Any CPU.Build.0 = Release|Any CPU
		{130AEA78-635E-46D4-B2A1-B5377C8E9B71}.Release|x64.ActiveCfg = Release|Any CPU
		{130AEA78-635E-46D4-B2A1-B5377C8E9B71}.Release|x64.Build.0 = Release|Any CPU
		{130AEA78-635E-46D4-B2A1-B5377C8E9B71}.Release|x86.ActiveCfg = Release|Any CPU
		{130AEA78-635E-46D4-B2A1-B5377C8E9B71}.Release|x86.Build.0 = Release|Any CPU
		{EAA70976-AEC3-45C3-98FF-6F36AB1AA0A2}.Debug|Any CPU.ActiveCfg = Debug|Any CPU
		{EAA70976-AEC3-45C3-98FF-6F36AB1AA0A2}.Debug|Any CPU.Build.0 = Debug|Any CPU
		{EAA70976-AEC3-45C3-98FF-6F36AB1AA0A2}.Debug|x64.ActiveCfg = Debug|Any CPU
		{EAA70976-AEC3-45C3-98FF-6F36AB1AA0A2}.Debug|x64.Build.0 = Debug|Any CPU
		{EAA70976-AEC3-45C3-98FF-6F36AB1AA0A2}.Debug|x86.ActiveCfg = Debug|Any CPU
		{EAA70976-AEC3-45C3-98FF-6F36AB1AA0A2}.Debug|x86.Build.0 = Debug|Any CPU
		{EAA70976-AEC3-45C3-98FF-6F36AB1AA0A2}.Release|Any CPU.ActiveCfg = Release|Any CPU
		{EAA70976-AEC3-45C3-98FF-6F36AB1AA0A2}.Release|Any CPU.Build.0 = Release|Any CPU
		{EAA70976-AEC3-45C3-98FF-6F36AB1AA0A2}.Release|x64.ActiveCfg = Release|Any CPU
		{EAA70976-AEC3-45C3-98FF-6F36AB1AA0A2}.Release|x64.Build.0 = Release|Any CPU
		{EAA70976-AEC3-45C3-98FF-6F36AB1AA0A2}.Release|x86.ActiveCfg = Release|Any CPU
		{EAA70976-AEC3-45C3-98FF-6F36AB1AA0A2}.Release|x86.Build.0 = Release|Any CPU
	EndGlobalSection
	GlobalSection(SolutionProperties) = preSolution
		HideSolutionNode = FALSE
	EndGlobalSection
	GlobalSection(NestedProjects) = preSolution
		{D9A8D79C-D8F9-4A96-BB90-C742D2C3D874} = {0AB3BF05-4346-4AA6-1389-037BE0695223}
		{6E575198-8071-498D-A49F-D610B855CDA6} = {0AB3BF05-4346-4AA6-1389-037BE0695223}
		{5E10B395-CECA-4948-9B37-9CC84F275FBF} = {0AB3BF05-4346-4AA6-1389-037BE0695223}
		{130AEA78-635E-46D4-B2A1-B5377C8E9B71} = {0AB3BF05-4346-4AA6-1389-037BE0695223}
		{EAA70976-AEC3-45C3-98FF-6F36AB1AA0A2} = {0AB3BF05-4346-4AA6-1389-037BE0695223}
	EndGlobalSection
	GlobalSection(ExtensibilityGlobals) = postSolution
		SolutionGuid = {4EFD8407-780B-409B-9634-9B8F38225551}
	EndGlobalSection
EndGlobal
